
Microsoft Visual Studio Solution File, Format Version 12.00
# Visual Studio 14
VisualStudioVersion = 14.0.25123.0
MinimumVisualStudioVersion = 10.0.40219.1
Project("{FAE04EC0-301F-11D3-BF4B-00C04F79EFBC}") = "AmazonTestClient", "AmazonTestClient\AmazonTestClient.csproj", "{B99FC47A-BA95-458C-847F-3903A3FC7736}"
EndProject
Global
	GlobalSection(SolutionConfigurationPlatforms) = preSolution
		Debug|Any CPU = Debug|Any CPU
		Release|Any CPU = Release|Any CPU
	EndGlobalSection
	GlobalSection(ProjectConfigurationPlatforms) = postSolution
		{B99FC47A-BA95-458C-847F-3903A3FC7736}.Debug|Any CPU.ActiveCfg = Debug|Any CPU
		{B99FC47A-BA95-458C-847F-3903A3FC7736}.Debug|Any CPU.Build.0 = Debug|Any CPU
		{B99FC47A-BA95-458C-847F-3903A3FC7736}.Release|Any CPU.ActiveCfg = Release|Any CPU
		{B99FC47A-BA95-458C-847F-3903A3FC7736}.Release|Any CPU.Build.0 = Release|Any CPU
	EndGlobalSection
	GlobalSection(SolutionProperties) = preSolution
		HideSolutionNode = FALSE
	EndGlobalSection
EndGlobal
